
Microsoft Visual Studio Solution File, Format Version 12.00
# Visual Studio Version 16
VisualStudioVersion = 16.0.30907.101
MinimumVisualStudioVersion = 10.0.40219.1
Project("{8BC9CEB8-8B4A-11D0-8D11-00A0C91BC942}") = "Code01_RobotWalk", "Code01_RobotWalk.vcxproj", "{5B85DE82-2CC7-474F-B9EC-E209081AF9DE}"
EndProject
Project("{8BC9CEB8-8B4A-11D0-8D11-00A0C91BC942}") = "Code02_CardsInLine", "..\Code02_CardsInLine\Code02_CardsInLine.vcxproj", "{F11BAA07-A97F-4EAF-A3F8-1E0E3E5968E2}"
EndProject
Project("{2150E333-8FDC-42A3-9474-1A3956D46DE8}") = "class18", "class18", "{2CAC60B6-EAEB-45F8-A017-86A7F2BBB880}"
EndProject
Project("{8BC9CEB8-8B4A-11D0-8D11-00A0C91BC942}") = "Code01_Knapsack", "..\..\class19\Code01_Knapsack\Code01_Knapsack.vcxproj", "{6168C14B-ED15-45A6-BD9E-C98C56E42B9E}"
EndProject
Project("{2150E333-8FDC-42A3-9474-1A3956D46DE8}") = "class19", "class19", "{C5ADFB8F-DFA3-4ACE-9E3B-3AABB42AF457}"
EndProject
Project("{8BC9CEB8-8B4A-11D0-8D11-00A0C91BC942}") = "Code02_ConvertToLetterString", "..\..\class19\Code02_ConvertToLetterString\Code02_ConvertToLetterString.vcxproj", "{2C85B9AD-6FA8-4735-A008-8031D7B08768}"
EndProject
Project("{8BC9CEB8-8B4A-11D0-8D11-00A0C91BC942}") = "Code03_StickersToSpellWord", "..\..\class19\Code03_StickersToSpellWord\Code03_StickersToSpellWord.vcxproj", "{0193BA6F-62B0-488D-AB12-B52168E940A5}"
EndProject
Project("{8BC9CEB8-8B4A-11D0-8D11-00A0C91BC942}") = "Code04_LongestCommonSubsequence", "..\..\class19\Code04_LongestCommonSubsequence\Code04_LongestCommonSubsequence.vcxproj", "{C55ECF0F-67EF-4A97-966C-12DF9757302E}"
EndProject
Project("{2150E333-8FDC-42A3-9474-1A3956D46DE8}") = "class20", "class20", "{18C45AA4-0DB6-4A94-8037-9440FF457E89}"
EndProject
Project("{8BC9CEB8-8B4A-11D0-8D11-00A0C91BC942}") = "Code01_PalindromeSubsequence", "..\..\class20\Code01_PalindromeSubsequence\Code01_PalindromeSubsequence.vcxproj", "{5079957E-3287-47A3-AF54-214F51F66FF2}"
EndProject
Project("{8BC9CEB8-8B4A-11D0-8D11-00A0C91BC942}") = "Code02_HorseJump", "..\..\class20\Code02_HorseJump\Code02_HorseJump.vcxproj", "{CE7F3E38-280C-4485-B257-E8F8D372C66E}"
EndProject
Project("{8BC9CEB8-8B4A-11D0-8D11-00A0C91BC942}") = "Code03_Coffee", "..\..\class20\Code03_Coffee\Code03_Coffee.vcxproj", "{40962223-CD53-48D5-97EC-D1C830EFAB5C}"
EndProject
Project("{2150E333-8FDC-42A3-9474-1A3956D46DE8}") = "class21", "class21", "{A8EF213D-D319-4067-9144-C550EC6BFB5A}"
EndProject
Project("{8BC9CEB8-8B4A-11D0-8D11-00A0C91BC942}") = "Code01_MinPathSum", "..\..\class21\Code01_MinPathSum\Code01_MinPathSum.vcxproj", "{1EEF8A96-C9D4-4EFE-AE72-032B2F031582}"
EndProject
Project("{8BC9CEB8-8B4A-11D0-8D11-00A0C91BC942}") = "Code02_CoinWaysEveryPaperDifferent", "..\..\class21\Code02_CoinWaysEveryPaperDifferent\Code02_CoinWaysEveryPaperDifferent.vcxproj", "{8D05968B-3372-4B53-96F9-A29D2E1ED924}"
EndProject
Project("{8BC9CEB8-8B4A-11D0-8D11-00A0C91BC942}") = "Code03_CoinsWayNoLimit", "..\..\class21\Code03_CoinsWayNoLimit\Code03_CoinsWayNoLimit.vcxproj", "{7A21C910-4226-476A-BABA-126E16B45AA5}"
EndProject
Project("{8BC9CEB8-8B4A-11D0-8D11-00A0C91BC942}") = "Code04_CoinsWaySameValueSamePapper", "..\..\class21\Code04_CoinsWaySameValueSamePapper\Code04_CoinsWaySameValueSamePapper.vcxproj", "{4ACFC39B-36DE-4678-A82A-B05D1C95BA71}"
EndProject
Project("{8BC9CEB8-8B4A-11D0-8D11-00A0C91BC942}") = "Code05_BobDie", "..\..\class21\Code05_BobDie\Code05_BobDie.vcxproj", "{D037E81B-B9FC-4BA9-92BB-54F5B843DBE3}"
EndProject
Global
	GlobalSection(SolutionConfigurationPlatforms) = preSolution
		Debug|x64 = Debug|x64
		Debug|x86 = Debug|x86
		Release|x64 = Release|x64
		Release|x86 = Release|x86
	EndGlobalSection
	GlobalSection(ProjectConfigurationPlatforms) = postSolution
		{5B85DE82-2CC7-474F-B9EC-E209081AF9DE}.Debug|x64.ActiveCfg = Debug|x64
		{5B85DE82-2CC7-474F-B9EC-E209081AF9DE}.Debug|x64.Build.0 = Debug|x64
		{5B85DE82-2CC7-474F-B9EC-E209081AF9DE}.Debug|x86.ActiveCfg = Debug|Win32
		{5B85DE82-2CC7-474F-B9EC-E209081AF9DE}.Debug|x86.Build.0 = Debug|Win32
		{5B85DE82-2CC7-474F-B9EC-E209081AF9DE}.Release|x64.ActiveCfg = Release|x64
		{5B85DE82-2CC7-474F-B9EC-E209081AF9DE}.Release|x64.Build.0 = Release|x64
		{5B85DE82-2CC7-474F-B9EC-E209081AF9DE}.Release|x86.ActiveCfg = Release|Win32
		{5B85DE82-2CC7-474F-B9EC-E209081AF9DE}.Release|x86.Build.0 = Release|Win32
		{F11BAA07-A97F-4EAF-A3F8-1E0E3E5968E2}.Debug|x64.ActiveCfg = Debug|x64
		{F11BAA07-A97F-4EAF-A3F8-1E0E3E5968E2}.Debug|x64.Build.0 = Debug|x64
		{F11BAA07-A97F-4EAF-A3F8-1E0E3E5968E2}.Debug|x86.ActiveCfg = Debug|Win32
		{F11BAA07-A97F-4EAF-A3F8-1E0E3E5968E2}.Debug|x86.Build.0 = Debug|Win32
		{F11BAA07-A97F-4EAF-A3F8-1E0E3E5968E2}.Release|x64.ActiveCfg = Release|x64
		{F11BAA07-A97F-4EAF-A3F8-1E0E3E5968E2}.Release|x64.Build.0 = Release|x64
		{F11BAA07-A97F-4EAF-A3F8-1E0E3E5968E2}.Release|x86.ActiveCfg = Release|Win32
		{F11BAA07-A97F-4EAF-A3F8-1E0E3E5968E2}.Release|x86.Build.0 = Release|Win32
		{6168C14B-ED15-45A6-BD9E-C98C56E42B9E}.Debug|x64.ActiveCfg = Debug|x64
		{6168C14B-ED15-45A6-BD9E-C98C56E42B9E}.Debug|x64.Build.0 = Debug|x64
		{6168C14B-ED15-45A6-BD9E-C98C56E42B9E}.Debug|x86.ActiveCfg = Debug|Win32
		{6168C14B-ED15-45A6-BD9E-C98C56E42B9E}.Debug|x86.Build.0 = Debug|Win32
		{6168C14B-ED15-45A6-BD9E-C98C56E42B9E}.Release|x64.ActiveCfg = Release|x64
		{6168C14B-ED15-45A6-BD9E-C98C56E42B9E}.Release|x64.Build.0 = Release|x64
		{6168C14B-ED15-45A6-BD9E-C98C56E42B9E}.Release|x86.ActiveCfg = Release|Win32
		{6168C14B-ED15-45A6-BD9E-C98C56E42B9E}.Release|x86.Build.0 = Release|Win32
		{2C85B9AD-6FA8-4735-A008-8031D7B08768}.Debug|x64.ActiveCfg = Debug|x64
		{2C85B9AD-6FA8-4735-A008-8031D7B08768}.Debug|x64.Build.0 = Debug|x64
		{2C85B9AD-6FA8-4735-A008-8031D7B08768}.Debug|x86.ActiveCfg = Debug|Win32
		{2C85B9AD-6FA8-4735-A008-8031D7B08768}.Debug|x86.Build.0 = Debug|Win32
		{2C85B9AD-6FA8-4735-A008-8031D7B08768}.Release|x64.ActiveCfg = Release|x64
		{2C85B9AD-6FA8-4735-A008-8031D7B08768}.Release|x64.Build.0 = Release|x64
		{2C85B9AD-6FA8-4735-A008-8031D7B08768}.Release|x86.ActiveCfg = Release|Win32
		{2C85B9AD-6FA8-4735-A008-8031D7B08768}.Release|x86.Build.0 = Release|Win32
		{0193BA6F-62B0-488D-AB12-B52168E940A5}.Debug|x64.ActiveCfg = Debug|x64
		{0193BA6F-62B0-488D-AB12-B52168E940A5}.Debug|x64.Build.0 = Debug|x64
		{0193BA6F-62B0-488D-AB12-B52168E940A5}.Debug|x86.ActiveCfg = Debug|Win32
		{0193BA6F-62B0-488D-AB12-B52168E940A5}.Debug|x86.Build.0 = Debug|Win32
		{0193BA6F-62B0-488D-AB12-B52168E940A5}.Release|x64.ActiveCfg = Release|x64
		{0193BA6F-62B0-488D-AB12-B52168E940A5}.Release|x64.Build.0 = Release|x64
		{0193BA6F-62B0-488D-AB12-B52168E940A5}.Release|x86.ActiveCfg = Release|Win32
		{0193BA6F-62B0-488D-AB12-B52168E940A5}.Release|x86.Build.0 = Release|Win32
		{C55ECF0F-67EF-4A97-966C-12DF9757302E}.Debug|x64.ActiveCfg = Debug|x64
		{C55ECF0F-67EF-4A97-966C-12DF9757302E}.Debug|x64.Build.0 = Debug|x64
		{C55ECF0F-67EF-4A97-966C-12DF9757302E}.Debug|x86.ActiveCfg = Debug|Win32
		{C55ECF0F-67EF-4A97-966C-12DF9757302E}.Debug|x86.Build.0 = Debug|Win32
		{C55ECF0F-67EF-4A97-966C-12DF9757302E}.Release|x64.ActiveCfg = Release|x64
		{C55ECF0F-67EF-4A97-966C-12DF9757302E}.Release|x64.Build.0 = Release|x64
		{C55ECF0F-67EF-4A97-966C-12DF9757302E}.Release|x86.ActiveCfg = Release|Win32
		{C55ECF0F-67EF-4A97-966C-12DF9757302E}.Release|x86.Build.0 = Release|Win32
		{5079957E-3287-47A3-AF54-214F51F66FF2}.Debug|x64.ActiveCfg = Debug|x64
		{5079957E-3287-47A3-AF54-214F51F66FF2}.Debug|x64.Build.0 = Debug|x64
		{5079957E-3287-47A3-AF54-214F51F66FF2}.Debug|x86.ActiveCfg = Debug|Win32
		{5079957E-3287-47A3-AF54-214F51F66FF2}.Debug|x86.Build.0 = Debug|Win32
		{5079957E-3287-47A3-AF54-214F51F66FF2}.Release|x64.ActiveCfg = Release|x64
		{5079957E-3287-47A3-AF54-214F51F66FF2}.Release|x64.Build.0 = Release|x64
		{5079957E-3287-47A3-AF54-214F51F66FF2}.Release|x86.ActiveCfg = Release|Win32
		{5079957E-3287-47A3-AF54-214F51F66FF2}.Release|x86.Build.0 = Release|Win32
		{CE7F3E38-280C-4485-B257-E8F8D372C66E}.Debug|x64.ActiveCfg = Debug|x64
		{CE7F3E38-280C-4485-B257-E8F8D372C66E}.Debug|x64.Build.0 = Debug|x64
		{CE7F3E38-280C-4485-B257-E8F8D372C66E}.Debug|x86.ActiveCfg = Debug|Win32
		{CE7F3E38-280C-4485-B257-E8F8D372C66E}.Debug|x86.Build.0 = Debug|Win32
		{CE7F3E38-280C-4485-B257-E8F8D372C66E}.Release|x64.ActiveCfg = Release|x64
		{CE7F3E38-280C-4485-B257-E8F8D372C66E}.Release|x64.Build.0 = Release|x64
		{CE7F3E38-280C-4485-B257-E8F8D372C66E}.Release|x86.ActiveCfg = Release|Win32
		{CE7F3E38-280C-4485-B257-E8F8D372C66E}.Release|x86.Build.0 = Release|Win32
		{40962223-CD53-48D5-97EC-D1C830EFAB5C}.Debug|x64.ActiveCfg = Debug|x64
		{40962223-CD53-48D5-97EC-D1C830EFAB5C}.Debug|x64.Build.0 = Debug|x64
		{40962223-CD53-48D5-97EC-D1C830EFAB5C}.Debug|x86.ActiveCfg = Debug|Win32
		{40962223-CD53-48D5-97EC-D1C830EFAB5C}.Debug|x86.Build.0 = Debug|Win32
		{40962223-CD53-48D5-97EC-D1C830EFAB5C}.Release|x64.ActiveCfg = Release|x64
		{40962223-CD53-48D5-97EC-D1C830EFAB5C}.Release|x64.Build.0 = Release|x64
		{40962223-CD53-48D5-97EC-D1C830EFAB5C}.Release|x86.ActiveCfg = Release|Win32
		{40962223-CD53-48D5-97EC-D1C830EFAB5C}.Release|x86.Build.0 = Release|Win32
		{1EEF8A96-C9D4-4EFE-AE72-032B2F031582}.Debug|x64.ActiveCfg = Debug|x64
		{1EEF8A96-C9D4-4EFE-AE72-032B2F031582}.Debug|x64.Build.0 = Debug|x64
		{1EEF8A96-C9D4-4EFE-AE72-032B2F031582}.Debug|x86.ActiveCfg = Debug|Win32
		{1EEF8A96-C9D4-4EFE-AE72-032B2F031582}.Debug|x86.Build.0 = Debug|Win32
		{1EEF8A96-C9D4-4EFE-AE72-032B2F031582}.Release|x64.ActiveCfg = Release|x64
		{1EEF8A96-C9D4-4EFE-AE72-032B2F031582}.Release|x64.Build.0 = Release|x64
		{1EEF8A96-C9D4-4EFE-AE72-032B2F031582}.Release|x86.ActiveCfg = Release|Win32
		{1EEF8A96-C9D4-4EFE-AE72-032B2F031582}.Release|x86.Build.0 = Release|Win32
		{8D05968B-3372-4B53-96F9-A29D2E1ED924}.Debug|x64.ActiveCfg = Debug|x64
		{8D05968B-3372-4B53-96F9-A29D2E1ED924}.Debug|x64.Build.0 = Debug|x64
		{8D05968B-3372-4B53-96F9-A29D2E1ED924}.Debug|x86.ActiveCfg = Debug|Win32
		{8D05968B-3372-4B53-96F9-A29D2E1ED924}.Debug|x86.Build.0 = Debug|Win32
		{8D05968B-3372-4B53-96F9-A29D2E1ED924}.Release|x64.ActiveCfg = Release|x64
		{8D05968B-3372-4B53-96F9-A29D2E1ED924}.Release|x64.Build.0 = Release|x64
		{8D05968B-3372-4B53-96F9-A29D2E1ED924}.Release|x86.ActiveCfg = Release|Win32
		{8D05968B-3372-4B53-96F9-A29D2E1ED924}.Release|x86.Build.0 = Release|Win32
		{7A21C910-4226-476A-BABA-126E16B45AA5}.Debug|x64.ActiveCfg = Debug|x64
		{7A21C910-4226-476A-BABA-126E16B45AA5}.Debug|x64.Build.0 = Debug|x64
		{7A21C910-4226-476A-BABA-126E16B45AA5}.Debug|x86.ActiveCfg = Debug|Win32
		{7A21C910-4226-476A-BABA-126E16B45AA5}.Debug|x86.Build.0 = Debug|Win32
		{7A21C910-4226-476A-BABA-126E16B45AA5}.Release|x64.ActiveCfg = Release|x64
		{7A21C910-4226-476A-BABA-126E16B45AA5}.Release|x64.Build.0 = Release|x64
		{7A21C910-4226-476A-BABA-126E16B45AA5}.Release|x86.ActiveCfg = Release|Win32
		{7A21C910-4226-476A-BABA-126E16B45AA5}.Release|x86.Build.0 = Release|Win32
		{4ACFC39B-36DE-4678-A82A-B05D1C95BA71}.Debug|x64.ActiveCfg = Debug|x64
		{4ACFC39B-36DE-4678-A82A-B05D1C95BA71}.Debug|x64.Build.0 = Debug|x64
		{4ACFC39B-36DE-4678-A82A-B05D1C95BA71}.Debug|x86.ActiveCfg = Debug|Win32
		{4ACFC39B-36DE-4678-A82A-B05D1C95BA71}.Debug|x86.Build.0 = Debug|Win32
		{4ACFC39B-36DE-4678-A82A-B05D1C95BA71}.Release|x64.ActiveCfg = Release|x64
		{4ACFC39B-36DE-4678-A82A-B05D1C95BA71}.Release|x64.Build.0 = Release|x64
		{4ACFC39B-36DE-4678-A82A-B05D1C95BA71}.Release|x86.ActiveCfg = Release|Win32
		{4ACFC39B-36DE-4678-A82A-B05D1C95BA71}.Release|x86.Build.0 = Release|Win32
		{D037E81B-B9FC-4BA9-92BB-54F5B843DBE3}.Debug|x64.ActiveCfg = Debug|x64
		{D037E81B-B9FC-4BA9-92BB-54F5B843DBE3}.Debug|x64.Build.0 = Debug|x64
		{D037E81B-B9FC-4BA9-92BB-54F5B843DBE3}.Debug|x86.ActiveCfg = Debug|Win32
		{D037E81B-B9FC-4BA9-92BB-54F5B843DBE3}.Debug|x86.Build.0 = Debug|Win32
		{D037E81B-B9FC-4BA9-92BB-54F5B843DBE3}.Release|x64.ActiveCfg = Release|x64
		{D037E81B-B9FC-4BA9-92BB-54F5B843DBE3}.Release|x64.Build.0 = Release|x64
		{D037E81B-B9FC-4BA9-92BB-54F5B843DBE3}.Release|x86.ActiveCfg = Release|Win32
		{D037E81B-B9FC-4BA9-92BB-54F5B843DBE3}.Release|x86.Build.0 = Release|Win32
	EndGlobalSection
	GlobalSection(SolutionProperties) = preSolution
		HideSolutionNode = FALSE
	EndGlobalSection
	GlobalSection(NestedProjects) = preSolution
		{5B85DE82-2CC7-474F-B9EC-E209081AF9DE} = {2CAC60B6-EAEB-45F8-A017-86A7F2BBB880}
		{F11BAA07-A97F-4EAF-A3F8-1E0E3E5968E2} = {2CAC60B6-EAEB-45F8-A017-86A7F2BBB880}
		{6168C14B-ED15-45A6-BD9E-C98C56E42B9E} = {C5ADFB8F-DFA3-4ACE-9E3B-3AABB42AF457}
		{2C85B9AD-6FA8-4735-A008-8031D7B08768} = {C5ADFB8F-DFA3-4ACE-9E3B-3AABB42AF457}
		{0193BA6F-62B0-488D-AB12-B52168E940A5} = {C5ADFB8F-DFA3-4ACE-9E3B-3AABB42AF457}
		{C55ECF0F-67EF-4A97-966C-12DF9757302E} = {C5ADFB8F-DFA3-4ACE-9E3B-3AABB42AF457}
		{5079957E-3287-47A3-AF54-214F51F66FF2} = {18C45AA4-0DB6-4A94-8037-9440FF457E89}
		{CE7F3E38-280C-4485-B257-E8F8D372C66E} = {18C45AA4-0DB6-4A94-8037-9440FF457E89}
		{40962223-CD53-48D5-97EC-D1C830EFAB5C} = {18C45AA4-0DB6-4A94-8037-9440FF457E89}
		{1EEF8A96-C9D4-4EFE-AE72-032B2F031582} = {A8EF213D-D319-4067-9144-C550EC6BFB5A}
		{8D05968B-3372-4B53-96F9-A29D2E1ED924} = {A8EF213D-D319-4067-9144-C550EC6BFB5A}
		{7A21C910-4226-476A-BABA-126E16B45AA5} = {A8EF213D-D319-4067-9144-C550EC6BFB5A}
		{4ACFC39B-36DE-4678-A82A-B05D1C95BA71} = {A8EF213D-D319-4067-9144-C550EC6BFB5A}
		{D037E81B-B9FC-4BA9-92BB-54F5B843DBE3} = {A8EF213D-D319-4067-9144-C550EC6BFB5A}
	EndGlobalSection
	GlobalSection(ExtensibilityGlobals) = postSolution
		SolutionGuid = {000CB290-ED06-4618-AA86-D7A4A26F7EF4}
	EndGlobalSection
EndGlobal
